
Microsoft Visual Studio Solution File, Format Version 12.00
# Visual Studio Version 16
VisualStudioVersion = 16.0.32106.194
MinimumVisualStudioVersion = 10.0.40219.1
Project("{FAE04EC0-301F-11D3-BF4B-00C04F79EFBC}") = "WAREHOUSEREADER.Android", "WAREHOUSEREADER.Android\WAREHOUSEREADER.Android.csproj", "{C7F0B5D7-9936-4A46-A3E5-7F48B23FAB1C}"
EndProject
Project("{FAE04EC0-301F-11D3-BF4B-00C04F79EFBC}") = "WAREHOUSEREADER.iOS", "WAREHOUSEREADER.iOS\WAREHOUSEREADER.iOS.csproj", "{AD8C354C-4DFC-4C27-9C21-3F041A330284}"
EndProject
Project("{FAE04EC0-301F-11D3-BF4B-00C04F79EFBC}") = "WAREHOUSEREADER", "WAREHOUSEREADER\WAREHOUSEREADER.csproj", "{B86E6DF4-BB6D-46C5-A675-CABE75B8DDE5}"
EndProject
Global
	GlobalSection(SolutionConfigurationPlatforms) = preSolution
		Debug|Any CPU = Debug|Any CPU
		Debug|iPhone = Debug|iPhone
		Debug|iPhoneSimulator = Debug|iPhoneSimulator
		Release|Any CPU = Release|Any CPU
		Release|iPhone = Release|iPhone
		Release|iPhoneSimulator = Release|iPhoneSimulator
	EndGlobalSection
	GlobalSection(ProjectConfigurationPlatforms) = postSolution
		{C7F0B5D7-9936-4A46-A3E5-7F48B23FAB1C}.Debug|Any CPU.ActiveCfg = Debug|Any CPU
		{C7F0B5D7-9936-4A46-A3E5-7F48B23FAB1C}.Debug|Any CPU.Build.0 = Debug|Any CPU
		{C7F0B5D7-9936-4A46-A3E5-7F48B23FAB1C}.Debug|Any CPU.Deploy.0 = Debug|Any CPU
		{C7F0B5D7-9936-4A46-A3E5-7F48B23FAB1C}.Debug|iPhone.ActiveCfg = Debug|Any CPU
		{C7F0B5D7-9936-4A46-A3E5-7F48B23FAB1C}.Debug|iPhone.Build.0 = Debug|Any CPU
		{C7F0B5D7-9936-4A46-A3E5-7F48B23FAB1C}.Debug|iPhone.Deploy.0 = Debug|Any CPU
		{C7F0B5D7-9936-4A46-A3E5-7F48B23FAB1C}.Debug|iPhoneSimulator.ActiveCfg = Debug|Any CPU
		{C7F0B5D7-9936-4A46-A3E5-7F48B23FAB1C}.Debug|iPhoneSimulator.Build.0 = Debug|Any CPU
		{C7F0B5D7-9936-4A46-A3E5-7F48B23FAB1C}.Debug|iPhoneSimulator.Deploy.0 = Debug|Any CPU
		{C7F0B5D7-9936-4A46-A3E5-7F48B23FAB1C}.Release|Any CPU.ActiveCfg = Release|Any CPU
		{C7F0B5D7-9936-4A46-A3E5-7F48B23FAB1C}.Release|Any CPU.Build.0 = Release|Any CPU
		{C7F0B5D7-9936-4A46-A3E5-7F48B23FAB1C}.Release|Any CPU.Deploy.0 = Release|Any CPU
		{C7F0B5D7-9936-4A46-A3E5-7F48B23FAB1C}.Release|iPhone.ActiveCfg = Release|Any CPU
		{C7F0B5D7-9936-4A46-A3E5-7F48B23FAB1C}.Release|iPhone.Build.0 = Release|Any CPU
		{C7F0B5D7-9936-4A46-A3E5-7F48B23FAB1C}.Release|iPhone.Deploy.0 = Release|Any CPU
		{C7F0B5D7-9936-4A46-A3E5-7F48B23FAB1C}.Release|iPhoneSimulator.ActiveCfg = Release|Any CPU
		{C7F0B5D7-9936-4A46-A3E5-7F48B23FAB1C}.Release|iPhoneSimulator.Build.0 = Release|Any CPU
		{C7F0B5D7-9936-4A46-A3E5-7F48B23FAB1C}.Release|iPhoneSimulator.Deploy.0 = Release|Any CPU
		{AD8C354C-4DFC-4C27-9C21-3F041A330284}.Debug|Any CPU.ActiveCfg = Debug|iPhone
		{AD8C354C-4DFC-4C27-9C21-3F041A330284}.Debug|Any CPU.Build.0 = Debug|iPhone
		{AD8C354C-4DFC-4C27-9C21-3F041A330284}.Debug|Any CPU.Deploy.0 = Debug|iPhone
		{AD8C354C-4DFC-4C27-9C21-3F041A330284}.Debug|iPhone.ActiveCfg = Debug|iPhone
		{AD8C354C-4DFC-4C27-9C21-3F041A330284}.Debug|iPhone.Build.0 = Debug|iPhone
		{AD8C354C-4DFC-4C27-9C21-3F041A330284}.Debug|iPhone.Deploy.0 = Debug|iPhone
		{AD8C354C-4DFC-4C27-9C21-3F041A330284}.Debug|iPhoneSimulator.ActiveCfg = Debug|iPhoneSimulator
		{AD8C354C-4DFC-4C27-9C21-3F041A330284}.Debug|iPhoneSimulator.Build.0 = Debug|iPhoneSimulator
		{AD8C354C-4DFC-4C27-9C21-3F041A330284}.Debug|iPhoneSimulator.Deploy.0 = Debug|iPhoneSimulator
		{AD8C354C-4DFC-4C27-9C21-3F041A330284}.Release|Any CPU.ActiveCfg = Release|iPhoneSimulator
		{AD8C354C-4DFC-4C27-9C21-3F041A330284}.Release|Any CPU.Build.0 = Release|iPhoneSimulator
		{AD8C354C-4DFC-4C27-9C21-3F041A330284}.Release|Any CPU.Deploy.0 = Release|iPhoneSimulator
		{AD8C354C-4DFC-4C27-9C21-3F041A330284}.Release|iPhone.ActiveCfg = Release|iPhone
		{AD8C354C-4DFC-4C27-9C21-3F041A330284}.Release|iPhone.Build.0 = Release|iPhone
		{AD8C354C-4DFC-4C27-9C21-3F041A330284}.Release|iPhone.Deploy.0 = Release|iPhone
		{AD8C354C-4DFC-4C27-9C21-3F041A330284}.Release|iPhoneSimulator.ActiveCfg = Release|iPhoneSimulator
		{AD8C354C-4DFC-4C27-9C21-3F041A330284}.Release|iPhoneSimulator.Build.0 = Release|iPhoneSimulator
		{AD8C354C-4DFC-4C27-9C21-3F041A330284}.Release|iPhoneSimulator.Deploy.0 = Release|iPhoneSimulator
		{B86E6DF4-BB6D-46C5-A675-CABE75B8DDE5}.Debug|Any CPU.ActiveCfg = Debug|Any CPU
		{B86E6DF4-BB6D-46C5-A675-CABE75B8DDE5}.Debug|Any CPU.Build.0 = Debug|Any CPU
		{B86E6DF4-BB6D-46C5-A675-CABE75B8DDE5}.Debug|Any CPU.Deploy.0 = Debug|Any CPU
		{B86E6DF4-BB6D-46C5-A675-CABE75B8DDE5}.Debug|iPhone.ActiveCfg = Debug|Any CPU
		{B86E6DF4-BB6D-46C5-A675-CABE75B8DDE5}.Debug|iPhone.Build.0 = Debug|Any CPU
		{B86E6DF4-BB6D-46C5-A675-CABE75B8DDE5}.Debug|iPhone.Deploy.0 = Debug|Any CPU
		{B86E6DF4-BB6D-46C5-A675-CABE75B8DDE5}.Debug|iPhoneSimulator.ActiveCfg = Debug|Any CPU
		{B86E6DF4-BB6D-46C5-A675-CABE75B8DDE5}.Debug|iPhoneSimulator.Build.0 = Debug|Any CPU
		{B86E6DF4-BB6D-46C5-A675-CABE75B8DDE5}.Debug|iPhoneSimulator.Deploy.0 = Debug|Any CPU
		{B86E6DF4-BB6D-46C5-A675-CABE75B8DDE5}.Release|Any CPU.ActiveCfg = Release|Any CPU
		{B86E6DF4-BB6D-46C5-A675-CABE75B8DDE5}.Release|Any CPU.Build.0 = Release|Any CPU
		{B86E6DF4-BB6D-46C5-A675-CABE75B8DDE5}.Release|Any CPU.Deploy.0 = Release|Any CPU
		{B86E6DF4-BB6D-46C5-A675-CABE75B8DDE5}.Release|iPhone.ActiveCfg = Release|Any CPU
		{B86E6DF4-BB6D-46C5-A675-CABE75B8DDE5}.Release|iPhone.Build.0 = Release|Any CPU
		{B86E6DF4-BB6D-46C5-A675-CABE75B8DDE5}.Release|iPhone.Deploy.0 = Release|Any CPU
		{B86E6DF4-BB6D-46C5-A675-CABE75B8DDE5}.Release|iPhoneSimulator.ActiveCfg = Release|Any CPU
		{B86E6DF4-BB6D-46C5-A675-CABE75B8DDE5}.Release|iPhoneSimulator.Build.0 = Release|Any CPU
		{B86E6DF4-BB6D-46C5-A675-CABE75B8DDE5}.Release|iPhoneSimulator.Deploy.0 = Release|Any CPU
	EndGlobalSection
	GlobalSection(SolutionProperties) = preSolution
		HideSolutionNode = FALSE
	EndGlobalSection
	GlobalSection(ExtensibilityGlobals) = postSolution
		SolutionGuid = {19C673BB-B543-41CC-900A-FF52E75D9B02}
	EndGlobalSection
EndGlobal
